
Microsoft Visual Studio Solution File, Format Version 12.00
# Visual Studio Version 16
VisualStudioVersion = 16.0.30104.148
MinimumVisualStudioVersion = 10.0.40219.1
Project("{FAE04EC0-301F-11D3-BF4B-00C04F79EFBC}") = "ByteView", "ByteView\ByteView.csproj", "{527FE1CB-6F71-4A83-B63F-B012762479C8}"
EndProject
Project("{2150E333-8FDC-42A3-9474-1A3956D46DE8}") = "Solution Items", "Solution Items", "{DC9CC7D7-1810-43ED-B4D0-DA0B3F5689EB}"
	ProjectSection(SolutionItems) = preProject
		.editorconfig = .editorconfig
	EndProjectSection
EndProject
Global
	GlobalSection(SolutionConfigurationPlatforms) = preSolution
		Debug|Any CPU = Debug|Any CPU
		Release|Any CPU = Release|Any CPU
	EndGlobalSection
	GlobalSection(ProjectConfigurationPlatforms) = postSolution
		{527FE1CB-6F71-4A83-B63F-B012762479C8}.Debug|Any CPU.ActiveCfg = Debug|Any CPU
		{527FE1CB-6F71-4A83-B63F-B012762479C8}.Debug|Any CPU.Build.0 = Debug|Any CPU
		{527FE1CB-6F71-4A83-B63F-B012762479C8}.Release|Any CPU.ActiveCfg = Release|Any CPU
		{527FE1CB-6F71-4A83-B63F-B012762479C8}.Release|Any CPU.Build.0 = Release|Any CPU
	EndGlobalSection
	GlobalSection(SolutionProperties) = preSolution
		HideSolutionNode = FALSE
	EndGlobalSection
	GlobalSection(ExtensibilityGlobals) = postSolution
		SolutionGuid = {929DD447-F946-41B1-BBE0-F3F4ABBFC468}
	EndGlobalSection
EndGlobal
